
Microsoft Visual Studio Solution File, Format Version 12.00
# Visual Studio 14
VisualStudioVersion = 14.0.25420.1
MinimumVisualStudioVersion = 10.0.40219.1
Project("{FAE04EC0-301F-11D3-BF4B-00C04F79EFBC}") = "Day1", "AdventOfCode2016\Day1.csproj", "{50E53EDA-BBD7-4817-8177-54748F9819BC}"
EndProject
Project("{FAE04EC0-301F-11D3-BF4B-00C04F79EFBC}") = "Day 2", "Day 2\Day 2.csproj", "{96B891CC-CD52-41F9-BFC7-DA78AEF8B47C}"
EndProject
Project("{FAE04EC0-301F-11D3-BF4B-00C04F79EFBC}") = "Day3", "Day3\Day3.csproj", "{AAECCC3A-2BA9-4761-99EA-5902BB32220E}"
EndProject
Project("{FAE04EC0-301F-11D3-BF4B-00C04F79EFBC}") = "Day4", "Day4\Day4.csproj", "{745293CA-9974-4040-B160-F89F19661B47}"
EndProject
Project("{FAE04EC0-301F-11D3-BF4B-00C04F79EFBC}") = "Day5", "Day5\Day5.csproj", "{BE5CE65B-A8EC-4399-9E10-5A609C97CF73}"
EndProject
Project("{FAE04EC0-301F-11D3-BF4B-00C04F79EFBC}") = "Day6", "Day6\Day6.csproj", "{4B350397-615E-4F7C-AF87-285B96FC564A}"
EndProject
Project("{FAE04EC0-301F-11D3-BF4B-00C04F79EFBC}") = "Day7", "Day7\Day7.csproj", "{C44A8275-46ED-4BC7-BD6F-CDF4716F24E0}"
EndProject
Global
	GlobalSection(SolutionConfigurationPlatforms) = preSolution
		Debug|Any CPU = Debug|Any CPU
		Release|Any CPU = Release|Any CPU
	EndGlobalSection
	GlobalSection(ProjectConfigurationPlatforms) = postSolution
		{50E53EDA-BBD7-4817-8177-54748F9819BC}.Debug|Any CPU.ActiveCfg = Debug|Any CPU
		{50E53EDA-BBD7-4817-8177-54748F9819BC}.Debug|Any CPU.Build.0 = Debug|Any CPU
		{50E53EDA-BBD7-4817-8177-54748F9819BC}.Release|Any CPU.ActiveCfg = Release|Any CPU
		{50E53EDA-BBD7-4817-8177-54748F9819BC}.Release|Any CPU.Build.0 = Release|Any CPU
		{96B891CC-CD52-41F9-BFC7-DA78AEF8B47C}.Debug|Any CPU.ActiveCfg = Debug|Any CPU
		{96B891CC-CD52-41F9-BFC7-DA78AEF8B47C}.Debug|Any CPU.Build.0 = Debug|Any CPU
		{96B891CC-CD52-41F9-BFC7-DA78AEF8B47C}.Release|Any CPU.ActiveCfg = Release|Any CPU
		{96B891CC-CD52-41F9-BFC7-DA78AEF8B47C}.Release|Any CPU.Build.0 = Release|Any CPU
		{AAECCC3A-2BA9-4761-99EA-5902BB32220E}.Debug|Any CPU.ActiveCfg = Debug|Any CPU
		{AAECCC3A-2BA9-4761-99EA-5902BB32220E}.Debug|Any CPU.Build.0 = Debug|Any CPU
		{AAECCC3A-2BA9-4761-99EA-5902BB32220E}.Release|Any CPU.ActiveCfg = Release|Any CPU
		{AAECCC3A-2BA9-4761-99EA-5902BB32220E}.Release|Any CPU.Build.0 = Release|Any CPU
		{745293CA-9974-4040-B160-F89F19661B47}.Debug|Any CPU.ActiveCfg = Debug|Any CPU
		{745293CA-9974-4040-B160-F89F19661B47}.Debug|Any CPU.Build.0 = Debug|Any CPU
		{745293CA-9974-4040-B160-F89F19661B47}.Release|Any CPU.ActiveCfg = Release|Any CPU
		{745293CA-9974-4040-B160-F89F19661B47}.Release|Any CPU.Build.0 = Release|Any CPU
		{BE5CE65B-A8EC-4399-9E10-5A609C97CF73}.Debug|Any CPU.ActiveCfg = Debug|Any CPU
		{BE5CE65B-A8EC-4399-9E10-5A609C97CF73}.Debug|Any CPU.Build.0 = Debug|Any CPU
		{BE5CE65B-A8EC-4399-9E10-5A609C97CF73}.Release|Any CPU.ActiveCfg = Release|Any CPU
		{BE5CE65B-A8EC-4399-9E10-5A609C97CF73}.Release|Any CPU.Build.0 = Release|Any CPU
		{4B350397-615E-4F7C-AF87-285B96FC564A}.Debug|Any CPU.ActiveCfg = Debug|Any CPU
		{4B350397-615E-4F7C-AF87-285B96FC564A}.Debug|Any CPU.Build.0 = Debug|Any CPU
		{4B350397-615E-4F7C-AF87-285B96FC564A}.Release|Any CPU.ActiveCfg = Release|Any CPU
		{4B350397-615E-4F7C-AF87-285B96FC564A}.Release|Any CPU.Build.0 = Release|Any CPU
		{C44A8275-46ED-4BC7-BD6F-CDF4716F24E0}.Debug|Any CPU.ActiveCfg = Debug|Any CPU
		{C44A8275-46ED-4BC7-BD6F-CDF4716F24E0}.Debug|Any CPU.Build.0 = Debug|Any CPU
		{C44A8275-46ED-4BC7-BD6F-CDF4716F24E0}.Release|Any CPU.ActiveCfg = Release|Any CPU
		{C44A8275-46ED-4BC7-BD6F-CDF4716F24E0}.Release|Any CPU.Build.0 = Release|Any CPU
	EndGlobalSection
	GlobalSection(SolutionProperties) = preSolution
		HideSolutionNode = FALSE
	EndGlobalSection
EndGlobal
