
Microsoft Visual Studio Solution File, Format Version 12.00
# Visual Studio 14
VisualStudioVersion = 14.0.25420.1
MinimumVisualStudioVersion = 10.0.40219.1
Project("{FAE04EC0-301F-11D3-BF4B-00C04F79EFBC}") = "Day1", "AdventOfCode2016\Day1.csproj", "{50E53EDA-BBD7-4817-8177-54748F9819BC}"
EndProject
Project("{FAE04EC0-301F-11D3-BF4B-00C04F79EFBC}") = "Day 2", "Day 2\Day 2.csproj", "{96B891CC-CD52-41F9-BFC7-DA78AEF8B47C}"
EndProject
Project("{FAE04EC0-301F-11D3-BF4B-00C04F79EFBC}") = "Day3", "Day3\Day3.csproj", "{AAECCC3A-2BA9-4761-99EA-5902BB32220E}"
EndProject
Project("{FAE04EC0-301F-11D3-BF4B-00C04F79EFBC}") = "Day4", "Day4\Day4.csproj", "{745293CA-9974-4040-B160-F89F19661B47}"
EndProject
Global
	GlobalSection(SolutionConfigurationPlatforms) = preSolution
		Debug|Any CPU = Debug|Any CPU
		Release|Any CPU = Release|Any CPU
	EndGlobalSection
	GlobalSection(ProjectConfigurationPlatforms) = postSolution
		{50E53EDA-BBD7-4817-8177-54748F9819BC}.Debug|Any CPU.ActiveCfg = Debug|Any CPU
		{50E53EDA-BBD7-4817-8177-54748F9819BC}.Debug|Any CPU.Build.0 = Debug|Any CPU
		{50E53EDA-BBD7-4817-8177-54748F9819BC}.Release|Any CPU.ActiveCfg = Release|Any CPU
		{50E53EDA-BBD7-4817-8177-54748F9819BC}.Release|Any CPU.Build.0 = Release|Any CPU
		{96B891CC-CD52-41F9-BFC7-DA78AEF8B47C}.Debug|Any CPU.ActiveCfg = Debug|Any CPU
		{96B891CC-CD52-41F9-BFC7-DA78AEF8B47C}.Debug|Any CPU.Build.0 = Debug|Any CPU
		{96B891CC-CD52-41F9-BFC7-DA78AEF8B47C}.Release|Any CPU.ActiveCfg = Release|Any CPU
		{96B891CC-CD52-41F9-BFC7-DA78AEF8B47C}.Release|Any CPU.Build.0 = Release|Any CPU
		{AAECCC3A-2BA9-4761-99EA-5902BB32220E}.Debug|Any CPU.ActiveCfg = Debug|Any CPU
		{AAECCC3A-2BA9-4761-99EA-5902BB32220E}.Debug|Any CPU.Build.0 = Debug|Any CPU
		{AAECCC3A-2BA9-4761-99EA-5902BB32220E}.Release|Any CPU.ActiveCfg = Release|Any CPU
		{AAECCC3A-2BA9-4761-99EA-5902BB32220E}.Release|Any CPU.Build.0 = Release|Any CPU
		{745293CA-9974-4040-B160-F89F19661B47}.Debug|Any CPU.ActiveCfg = Debug|Any CPU
		{745293CA-9974-4040-B160-F89F19661B47}.Debug|Any CPU.Build.0 = Debug|Any CPU
		{745293CA-9974-4040-B160-F89F19661B47}.Release|Any CPU.ActiveCfg = Release|Any CPU
		{745293CA-9974-4040-B160-F89F19661B47}.Release|Any CPU.Build.0 = Release|Any CPU
	EndGlobalSection
	GlobalSection(SolutionProperties) = preSolution
		HideSolutionNode = FALSE
	EndGlobalSection
EndGlobal
